Microsoft Visual Studio Solution File, Format Version 12.00
# Visual Studio Version 17
VisualStudioVersion = 17.5.2.0
MinimumVisualStudioVersion = 10.0.40219.1
Project("{FAE04EC0-301F-11D3-BF4B-00C04F79EFBC}") = "cosmos-client-encryption", "cosmos-client-encryption.csproj", "{BE0A6DF9-3DED-6C76-792B-1F3C8856DCBF}"
EndProject
Global
	GlobalSection(SolutionConfigurationPlatforms) = preSolution
		Debug|Any CPU = Debug|Any CPU
		Release|Any CPU = Release|Any CPU
	EndGlobalSection
	GlobalSection(ProjectConfigurationPlatforms) = postSolution
		{BE0A6DF9-3DED-6C76-792B-1F3C8856DCBF}.Debug|Any CPU.ActiveCfg = Debug|Any CPU
		{BE0A6DF9-3DED-6C76-792B-1F3C8856DCBF}.Debug|Any CPU.Build.0 = Debug|Any CPU
		{BE0A6DF9-3DED-6C76-792B-1F3C8856DCBF}.Release|Any CPU.ActiveCfg = Release|Any CPU
		{BE0A6DF9-3DED-6C76-792B-1F3C8856DCBF}.Release|Any CPU.Build.0 = Release|Any CPU
	EndGlobalSection
	GlobalSection(SolutionProperties) = preSolution
		HideSolutionNode = FALSE
	EndGlobalSection
	GlobalSection(ExtensibilityGlobals) = postSolution
		SolutionGuid = {DFF4AF60-8C30-43F9-A430-2FDD325AEF56}
	EndGlobalSection
EndGlobal
